
Microsoft Visual Studio Solution File, Format Version 12.00
# Visual Studio Version 17
VisualStudioVersion = 17.8.34511.84
MinimumVisualStudioVersion = 10.0.40219.1
Project("{FAE04EC0-301F-11D3-BF4B-00C04F79EFBC}") = "Prog part 2 st10399162", "Prog part 2 st10399162\Prog part 2 st10399162.csproj", "{FCE75B3A-534F-4426-BFA9-F3737057D232}"
EndProject
Global
	GlobalSection(SolutionConfigurationPlatforms) = preSolution
		Debug|Any CPU = Debug|Any CPU
		Release|Any CPU = Release|Any CPU
	EndGlobalSection
	GlobalSection(ProjectConfigurationPlatforms) = postSolution
		{FCE75B3A-534F-4426-BFA9-F3737057D232}.Debug|Any CPU.ActiveCfg = Debug|Any CPU
		{FCE75B3A-534F-4426-BFA9-F3737057D232}.Debug|Any CPU.Build.0 = Debug|Any CPU
		{FCE75B3A-534F-4426-BFA9-F3737057D232}.Release|Any CPU.ActiveCfg = Release|Any CPU
		{FCE75B3A-534F-4426-BFA9-F3737057D232}.Release|Any CPU.Build.0 = Release|Any CPU
	EndGlobalSection
	GlobalSection(SolutionProperties) = preSolution
		HideSolutionNode = FALSE
	EndGlobalSection
	GlobalSection(ExtensibilityGlobals) = postSolution
		SolutionGuid = {E11EEE64-911C-4027-820C-CF6C482FB34C}
	EndGlobalSection
EndGlobal
